
Microsoft Visual Studio Solution File, Format Version 12.00
# Visual Studio Version 16
VisualStudioVersion = 16.0.30320.27
MinimumVisualStudioVersion = 10.0.40219.1
Project("{FAE04EC0-301F-11D3-BF4B-00C04F79EFBC}") = "Seagull.Client", "Seagull.Client\Seagull.Client.csproj", "{CE5108B7-4B1D-4621-A72D-1B5626153F73}"
EndProject
Project("{FAE04EC0-301F-11D3-BF4B-00C04F79EFBC}") = "Seagull.BeautifyFace", "Seagull.BeautifyFace\Seagull.BeautifyFace.csproj", "{022F2913-E4A0-4260-AC11-A3D4A4D8E424}"
EndProject
Project("{FAE04EC0-301F-11D3-BF4B-00C04F79EFBC}") = "Seagull.Services", "Seagull.Services\Seagull.Services.csproj", "{914B084A-8EBD-492C-802F-AE91EEA5D3CE}"
EndProject
Global
	GlobalSection(SolutionConfigurationPlatforms) = preSolution
		Debug|Any CPU = Debug|Any CPU
		Release|Any CPU = Release|Any CPU
	EndGlobalSection
	GlobalSection(ProjectConfigurationPlatforms) = postSolution
		{CE5108B7-4B1D-4621-A72D-1B5626153F73}.Debug|Any CPU.ActiveCfg = Debug|Any CPU
		{CE5108B7-4B1D-4621-A72D-1B5626153F73}.Debug|Any CPU.Build.0 = Debug|Any CPU
		{CE5108B7-4B1D-4621-A72D-1B5626153F73}.Release|Any CPU.ActiveCfg = Release|Any CPU
		{CE5108B7-4B1D-4621-A72D-1B5626153F73}.Release|Any CPU.Build.0 = Release|Any CPU
		{022F2913-E4A0-4260-AC11-A3D4A4D8E424}.Debug|Any CPU.ActiveCfg = Debug|Any CPU
		{022F2913-E4A0-4260-AC11-A3D4A4D8E424}.Debug|Any CPU.Build.0 = Debug|Any CPU
		{022F2913-E4A0-4260-AC11-A3D4A4D8E424}.Release|Any CPU.ActiveCfg = Release|Any CPU
		{022F2913-E4A0-4260-AC11-A3D4A4D8E424}.Release|Any CPU.Build.0 = Release|Any CPU
		{914B084A-8EBD-492C-802F-AE91EEA5D3CE}.Debug|Any CPU.ActiveCfg = Debug|Any CPU
		{914B084A-8EBD-492C-802F-AE91EEA5D3CE}.Debug|Any CPU.Build.0 = Debug|Any CPU
		{914B084A-8EBD-492C-802F-AE91EEA5D3CE}.Release|Any CPU.ActiveCfg = Release|Any CPU
		{914B084A-8EBD-492C-802F-AE91EEA5D3CE}.Release|Any CPU.Build.0 = Release|Any CPU
	EndGlobalSection
	GlobalSection(SolutionProperties) = preSolution
		HideSolutionNode = FALSE
	EndGlobalSection
	GlobalSection(ExtensibilityGlobals) = postSolution
		SolutionGuid = {0315528D-0846-486D-9AAC-F0FCB98CF770}
	EndGlobalSection
EndGlobal
